// !$*UTF8*$!
{
	archiveVersion = 1;
	classes = {
	};
	objectVersion = 77;
	objects = {

/* Begin PBXBuildFile section */
		765FF74B2E05D8F100E0A999 /* Freshpaint in Frameworks */ = {isa = PBXBuildFile; productRef = 765FF74A2E05D8F100E0A999 /* Freshpaint */; };
		76773DD52E0B842200D70EB7 /* Freshpaint in Frameworks */ = {isa = PBXBuildFile; productRef = 76773DD42E0B842200D70EB7 /* Freshpaint */; };
/* End PBXBuildFile section */

/* Begin PBXContainerItemProxy section */
		76CA4BF52E05BDCA00AC6FAB /* PBXContainerItemProxy */ = {
			isa = PBXContainerItemProxy;
			containerPortal = A87914BF36AA45218EC32A8AC29A6FD3 /* Project object */;
			proxyType = 1;
			remoteGlobalIDString = B8DC7715B1AD48B6A1305340277BE26C;
			remoteInfo = FreshpaintPodDemo;
		};
		76CA4BFF2E05BDCA00AC6FAB /* PBXContainerItemProxy */ = {
			isa = PBXContainerItemProxy;
			containerPortal = A87914BF36AA45218EC32A8AC29A6FD3 /* Project object */;
			proxyType = 1;
			remoteGlobalIDString = B8DC7715B1AD48B6A1305340277BE26C;
			remoteInfo = FreshpaintPodDemo;
		};
/* End PBXContainerItemProxy section */

/* Begin PBXFileReference section */
		D1999574-2B32-464A-825C-98865BBF99D7 /* FreshpaintPodDemo.app */ = {isa = PBXFileReference; explicitFileType = wrapper.application; includeInIndex = 0; path = FreshpaintPodDemo.app; sourceTree = BUILT_PRODUCTS_DIR; };
		76CA4BF42E05BDCA00AC6FAB /* FreshpaintPodDemoTests.xctest */ = {isa = PBXFileReference; explicitFileType = wrapper.cfbundle; includeInIndex = 0; path = FreshpaintPodDemoTests.xctest; sourceTree = BUILT_PRODUCTS_DIR; };
		76CA4BFE2E05BDCA00AC6FAB /* FreshpaintPodDemoUITests.xctest */ = {isa = PBXFileReference; explicitFileType = wrapper.cfbundle; includeInIndex = 0; path = FreshpaintPodDemoUITests.xctest; sourceTree = BUILT_PRODUCTS_DIR; };
/* End PBXFileReference section */

/* Begin PBXFileSystemSynchronizedRootGroup section */
		CE800B66C7F24A87B6733FD890AA990F /* FreshpaintPodDemo */ = {
			isa = PBXFileSystemSynchronizedRootGroup;
			path = FreshpaintPodDemo;
			sourceTree = "<group>";
		};
/* End PBXFileSystemSynchronizedRootGroup section */

/* Begin PBXFrameworksBuildPhase section */
		76CA4BE42E05BDC900AC6FAB /* Frameworks */ = {
			isa = PBXFrameworksBuildPhase;
			buildActionMask = 2147483647;
			files = (
				76773DD52E0B842200D70EB7 /* Freshpaint in Frameworks */,
				765FF74B2E05D8F100E0A999 /* Freshpaint in Frameworks */,
			);
			runOnlyForDeploymentPostprocessing = 0;
		};
		76CA4BF12E05BDCA00AC6FAB /* Frameworks */ = {
			isa = PBXFrameworksBuildPhase;
			buildActionMask = 2147483647;
			files = (
			);
			runOnlyForDeploymentPostprocessing = 0;
		};
		76CA4BFB2E05BDCA00AC6FAB /* Frameworks */ = {
			isa = PBXFrameworksBuildPhase;
			buildActionMask = 2147483647;
			files = (
			);
			runOnlyForDeploymentPostprocessing = 0;
		};
/* End PBXFrameworksBuildPhase section */

/* Begin PBXGroup section */
		76CA4BDE2E05BDC900AC6FAB = {
			isa = PBXGroup;
			children = (
				CE800B66C7F24A87B6733FD890AA990F /* FreshpaintDemo */,
				136A8DCC012A4FC29D89101C2A4EB660 /* Products */,
			);
			sourceTree = "<group>";
		};
		136A8DCC012A4FC29D89101C2A4EB660 /* Products */ = {
			isa = PBXGroup;
			children = (
				D1999574-2B32-464A-825C-98865BBF99D7 /* FreshpaintPodDemo.app */,
				76CA4BF42E05BDCA00AC6FAB /* FreshpaintPodDemoTests.xctest */,
				76CA4BFE2E05BDCA00AC6FAB /* FreshpaintPodDemoUITests.xctest */,
			);
			name = Products;
			sourceTree = "<group>";
		};
/* End PBXGroup section */

/* Begin PBXNativeTarget section */
		B8DC7715B1AD48B6A1305340277BE26C /* FreshpaintDemo */ = {
			isa = PBXNativeTarget;
			buildConfigurationList = 76CA4C082E05BDCA00AC6FAB /* Build configuration list for PBXNativeTarget "FreshpaintPodDemo" */;
			buildPhases = (
				76CA4BE32E05BDC900AC6FAB /* Sources */,
				76CA4BE42E05BDC900AC6FAB /* Frameworks */,
				76CA4BE52E05BDC900AC6FAB /* Resources */,
			);
			buildRules = (
			);
			dependencies = (
			);
			fileSystemSynchronizedGroups = (
				CE800B66C7F24A87B6733FD890AA990F /* FreshpaintDemo */,
			);
			name = FreshpaintPodDemo;
			productName = FreshpaintPodDemo;
			productReference = D1999574-2B32-464A-825C-98865BBF99D7 /* FreshpaintPodDemo.app */;
			productType = "com.apple.product-type.application";
		};
		76CA4BF32E05BDCA00AC6FAB /* FreshpaintDemoTests */ = {
			isa = PBXNativeTarget;
			buildConfigurationList = 76CA4C0B2E05BDCA00AC6FAB /* Build configuration list for PBXNativeTarget "FreshpaintPodDemoTests" */;
			buildPhases = (
				76CA4BF02E05BDCA00AC6FAB /* Sources */,
				76CA4BF12E05BDCA00AC6FAB /* Frameworks */,
				76CA4BF22E05BDCA00AC6FAB /* Resources */,
			);
			buildRules = (
			);
			dependencies = (
				76CA4BF62E05BDCA00AC6FAB /* PBXTargetDependency */,
			);
			name = FreshpaintPodDemoTests;
			productName = FreshpaintPodDemoTests;
			productReference = 76CA4BF42E05BDCA00AC6FAB /* FreshpaintPodDemoTests.xctest */;
			productType = "com.apple.product-type.bundle.unit-test";
		};
		76CA4BFD2E05BDCA00AC6FAB /* FreshpaintDemoUITests */ = {
			isa = PBXNativeTarget;
			buildConfigurationList = 76CA4C0E2E05BDCA00AC6FAB /* Build configuration list for PBXNativeTarget "FreshpaintPodDemoUITests" */;
			buildPhases = (
				76CA4BFA2E05BDCA00AC6FAB /* Sources */,
				76CA4BFB2E05BDCA00AC6FAB /* Frameworks */,
				76CA4BFC2E05BDCA00AC6FAB /* Resources */,
			);
			buildRules = (
			);
			dependencies = (
				76CA4C002E05BDCA00AC6FAB /* PBXTargetDependency */,
			);
			name = FreshpaintPodDemoUITests;
			productName = FreshpaintPodDemoUITests;
			productReference = 76CA4BFE2E05BDCA00AC6FAB /* FreshpaintPodDemoUITests.xctest */;
			productType = "com.apple.product-type.bundle.ui-testing";
		};
/* End PBXNativeTarget section */

/* Begin PBXProject section */
		A87914BF36AA45218EC32A8AC29A6FD3 /* Project object */ = {
			isa = PBXProject;
			attributes = {
				BuildIndependentTargetsInParallel = 1;
				LastSwiftUpdateCheck = 1640;
				LastUpgradeCheck = 1640;
				TargetAttributes = {
					B8DC7715B1AD48B6A1305340277BE26C = {
						CreatedOnToolsVersion = 16.4;
					};
					76CA4BF32E05BDCA00AC6FAB = {
						CreatedOnToolsVersion = 16.4;
						TestTargetID = B8DC7715B1AD48B6A1305340277BE26C;
					};
					76CA4BFD2E05BDCA00AC6FAB = {
						CreatedOnToolsVersion = 16.4;
						TestTargetID = B8DC7715B1AD48B6A1305340277BE26C;
					};
				};
			};
			buildConfigurationList = 76CA4BE22E05BDC900AC6FAB /* Build configuration list for PBXProject "FreshpaintPodDemo" */;
			developmentRegion = en;
			hasScannedForEncodings = 0;
			knownRegions = (
				en,
				Base,
			);
			mainGroup = 76CA4BDE2E05BDC900AC6FAB;
			minimizedProjectReferenceProxies = 1;
			packageReferences = (
				76773DD32E0B842200D70EB7 /* XCLocalSwiftPackageReference "../.." */,
			);
			preferredProjectObjectVersion = 77;
			productRefGroup = 136A8DCC012A4FC29D89101C2A4EB660 /* Products */;
			projectDirPath = "";
			projectRoot = "";
			targets = (
				B8DC7715B1AD48B6A1305340277BE26C /* FreshpaintDemo */,
				76CA4BF32E05BDCA00AC6FAB /* FreshpaintDemoTests */,
				76CA4BFD2E05BDCA00AC6FAB /* FreshpaintDemoUITests */,
			);
		};
/* End PBXProject section */

/* Begin PBXResourcesBuildPhase section */
		76CA4BE52E05BDC900AC6FAB /* Resources */ = {
			isa = PBXResourcesBuildPhase;
			buildActionMask = 2147483647;
			files = (
			);
			runOnlyForDeploymentPostprocessing = 0;
		};
		76CA4BF22E05BDCA00AC6FAB /* Resources */ = {
			isa = PBXResourcesBuildPhase;
			buildActionMask = 2147483647;
			files = (
			);
			runOnlyForDeploymentPostprocessing = 0;
		};
		76CA4BFC2E05BDCA00AC6FAB /* Resources */ = {
			isa = PBXResourcesBuildPhase;
			buildActionMask = 2147483647;
			files = (
			);
			runOnlyForDeploymentPostprocessing = 0;
		};
/* End PBXResourcesBuildPhase section */

/* Begin PBXSourcesBuildPhase section */
		76CA4BE32E05BDC900AC6FAB /* Sources */ = {
			isa = PBXSourcesBuildPhase;
			buildActionMask = 2147483647;
			files = (
			);
			runOnlyForDeploymentPostprocessing = 0;
		};
		76CA4BF02E05BDCA00AC6FAB /* Sources */ = {
			isa = PBXSourcesBuildPhase;
			buildActionMask = 2147483647;
			files = (
			);
			runOnlyForDeploymentPostprocessing = 0;
		};
		76CA4BFA2E05BDCA00AC6FAB /* Sources */ = {
			isa = PBXSourcesBuildPhase;
			buildActionMask = 2147483647;
			files = (
			);
			runOnlyForDeploymentPostprocessing = 0;
		};
/* End PBXSourcesBuildPhase section */

/* Begin PBXTargetDependency section */
		76CA4BF62E05BDCA00AC6FAB /* PBXTargetDependency */ = {
			isa = PBXTargetDependency;
			target = B8DC7715B1AD48B6A1305340277BE26C /* FreshpaintDemo */;
			targetProxy = 76CA4BF52E05BDCA00AC6FAB /* PBXContainerItemProxy */;
		};
		76CA4C002E05BDCA00AC6FAB /* PBXTargetDependency */ = {
			isa = PBXTargetDependency;
			target = B8DC7715B1AD48B6A1305340277BE26C /* FreshpaintDemo */;
			targetProxy = 76CA4BFF2E05BDCA00AC6FAB /* PBXContainerItemProxy */;
		};
/* End PBXTargetDependency section */

/* Begin XCBuildConfiguration section */
		76CA4C062E05BDCA00AC6FAB /* Debug */ = {
			isa = XCBuildConfiguration;
			buildSettings = {
				ALWAYS_SEARCH_USER_PATHS = NO;
				ASSETCATALOG_COMPILER_GENERATE_SWIFT_ASSET_SYMBOL_EXTENSIONS = YES;
				CLANG_ANALYZER_NONNULL = YES;
				CLANG_ANALYZER_NUMBER_OBJECT_CONVERSION = YES_AGGRESSIVE;
				CLANG_CXX_LANGUAGE_STANDARD = "gnu++20";
				CLANG_ENABLE_MODULES = YES;
				CLANG_ENABLE_OBJC_ARC = YES;
				CLANG_ENABLE_OBJC_WEAK = YES;
				CLANG_WARN_BLOCK_CAPTURE_AUTORELEASING = YES;
				CLANG_WARN_BOOL_CONVERSION = YES;
				CLANG_WARN_COMMA = YES;
				CLANG_WARN_CONSTANT_CONVERSION = YES;
				CLANG_WARN_DEPRECATED_OBJC_IMPLEMENTATIONS = YES;
				CLANG_WARN_DIRECT_OBJC_ISA_USAGE = YES_ERROR;
				CLANG_WARN_DOCUMENTATION_COMMENTS = YES;
				CLANG_WARN_EMPTY_BODY = YES;
				CLANG_WARN_ENUM_CONVERSION = YES;
				CLANG_WARN_INFINITE_RECURSION = YES;
				CLANG_WARN_INT_CONVERSION = YES;
				CLANG_WARN_NON_LITERAL_NULL_CONVERSION = YES;
				CLANG_WARN_OBJC_IMPLICIT_RETAIN_SELF = YES;
				CLANG_WARN_OBJC_LITERAL_CONVERSION = YES;
				CLANG_WARN_OBJC_ROOT_CLASS = YES_ERROR;
				CLANG_WARN_QUOTED_INCLUDE_IN_FRAMEWORK_HEADER = YES;
				CLANG_WARN_RANGE_LOOP_ANALYSIS = YES;
				CLANG_WARN_STRICT_PROTOTYPES = YES;
				CLANG_WARN_SUSPICIOUS_MOVE = YES;
				CLANG_WARN_UNGUARDED_AVAILABILITY = YES_AGGRESSIVE;
				CLANG_WARN_UNREACHABLE_CODE = YES;
				CLANG_WARN__DUPLICATE_METHOD_MATCH = YES;
				COPY_PHASE_STRIP = NO;
				DEBUG_INFORMATION_FORMAT = dwarf;
				DEVELOPMENT_TEAM = N83K83RBR7;
				ENABLE_STRICT_OBJC_MSGSEND = YES;
				ENABLE_TESTABILITY = YES;
				ENABLE_USER_SCRIPT_SANDBOXING = YES;
				GCC_C_LANGUAGE_STANDARD = gnu17;
				GCC_DYNAMIC_NO_PIC = NO;
				GCC_NO_COMMON_BLOCKS = YES;
				GCC_OPTIMIZATION_LEVEL = 0;
				GCC_PREPROCESSOR_DEFINITIONS = (
					"DEBUG=1",
					"$(inherited)",
				);
				GCC_WARN_64_TO_32_BIT_CONVERSION = YES;
				GCC_WARN_ABOUT_RETURN_TYPE = YES_ERROR;
				GCC_WARN_UNDECLARED_SELECTOR = YES;
				GCC_WARN_UNINITIALIZED_AUTOS = YES_AGGRESSIVE;
				GCC_WARN_UNUSED_FUNCTION = YES;
				GCC_WARN_UNUSED_VARIABLE = YES;
				IPHONEOS_DEPLOYMENT_TARGET = 18.5;
				LOCALIZATION_PREFERS_STRING_CATALOGS = YES;
				MTL_ENABLE_DEBUG_INFO = INCLUDE_SOURCE;
				MTL_FAST_MATH = YES;
				ONLY_ACTIVE_ARCH = YES;
				SDKROOT = iphoneos;
				SWIFT_ACTIVE_COMPILATION_CONDITIONS = "DEBUG $(inherited)";
				SWIFT_OPTIMIZATION_LEVEL = "-Onone";
			};
			name = Debug;
		};
		76CA4C072E05BDCA00AC6FAB /* Release */ = {
			isa = XCBuildConfiguration;
			buildSettings = {
				ALWAYS_SEARCH_USER_PATHS = NO;
				ASSETCATALOG_COMPILER_GENERATE_SWIFT_ASSET_SYMBOL_EXTENSIONS = YES;
				CLANG_ANALYZER_NONNULL = YES;
				CLANG_ANALYZER_NUMBER_OBJECT_CONVERSION = YES_AGGRESSIVE;
				CLANG_CXX_LANGUAGE_STANDARD = "gnu++20";
				CLANG_ENABLE_MODULES = YES;
				CLANG_ENABLE_OBJC_ARC = YES;
				CLANG_ENABLE_OBJC_WEAK = YES;
				CLANG_WARN_BLOCK_CAPTURE_AUTORELEASING = YES;
				CLANG_WARN_BOOL_CONVERSION = YES;
				CLANG_WARN_COMMA = YES;
				CLANG_WARN_CONSTANT_CONVERSION = YES;
				CLANG_WARN_DEPRECATED_OBJC_IMPLEMENTATIONS = YES;
				CLANG_WARN_DIRECT_OBJC_ISA_USAGE = YES_ERROR;
				CLANG_WARN_DOCUMENTATION_COMMENTS = YES;
				CLANG_WARN_EMPTY_BODY = YES;
				CLANG_WARN_ENUM_CONVERSION = YES;
				CLANG_WARN_INFINITE_RECURSION = YES;
				CLANG_WARN_INT_CONVERSION = YES;
				CLANG_WARN_NON_LITERAL_NULL_CONVERSION = YES;
				CLANG_WARN_OBJC_IMPLICIT_RETAIN_SELF = YES;
				CLANG_WARN_OBJC_LITERAL_CONVERSION = YES;
				CLANG_WARN_OBJC_ROOT_CLASS = YES_ERROR;
				CLANG_WARN_QUOTED_INCLUDE_IN_FRAMEWORK_HEADER = YES;
				CLANG_WARN_RANGE_LOOP_ANALYSIS = YES;
				CLANG_WARN_STRICT_PROTOTYPES = YES;
				CLANG_WARN_SUSPICIOUS_MOVE = YES;
				CLANG_WARN_UNGUARDED_AVAILABILITY = YES_AGGRESSIVE;
				CLANG_WARN_UNREACHABLE_CODE = YES;
				CLANG_WARN__DUPLICATE_METHOD_MATCH = YES;
				COPY_PHASE_STRIP = NO;
				DEBUG_INFORMATION_FORMAT = "dwarf-with-dsym";
				DEVELOPMENT_TEAM = N83K83RBR7;
				ENABLE_NS_ASSERTIONS = NO;
				ENABLE_STRICT_OBJC_MSGSEND = YES;
				ENABLE_USER_SCRIPT_SANDBOXING = YES;
				GCC_C_LANGUAGE_STANDARD = gnu17;
				GCC_NO_COMMON_BLOCKS = YES;
				GCC_WARN_64_TO_32_BIT_CONVERSION = YES;
				GCC_WARN_ABOUT_RETURN_TYPE = YES_ERROR;
				GCC_WARN_UNDECLARED_SELECTOR = YES;
				GCC_WARN_UNINITIALIZED_AUTOS = YES_AGGRESSIVE;
				GCC_WARN_UNUSED_FUNCTION = YES;
				GCC_WARN_UNUSED_VARIABLE = YES;
				IPHONEOS_DEPLOYMENT_TARGET = 18.5;
				LOCALIZATION_PREFERS_STRING_CATALOGS = YES;
				MTL_ENABLE_DEBUG_INFO = NO;
				MTL_FAST_MATH = YES;
				SDKROOT = iphoneos;
				SWIFT_COMPILATION_MODE = wholemodule;
				VALIDATE_PRODUCT = YES;
			};
			name = Release;
		};
		76CA4C092E05BDCA00AC6FAB /* Debug */ = {
			isa = XCBuildConfiguration;
			buildSettings = {
				ASSETCATALOG_COMPILER_APPICON_NAME = AppIcon;
				ASSETCATALOG_COMPILER_GLOBAL_ACCENT_COLOR_NAME = AccentColor;
				CODE_SIGN_STYLE = Manual;
				CURRENT_PROJECT_VERSION = 1;
				DEVELOPMENT_TEAM = "";
				ENABLE_PREVIEWS = YES;
				GENERATE_INFOPLIST_FILE = YES;
				INFOPLIST_KEY_UIApplicationSceneManifest_Generation = YES;
				INFOPLIST_KEY_UIApplicationSupportsIndirectInputEvents = YES;
				INFOPLIST_KEY_UILaunchScreen_Generation = YES;
				INFOPLIST_KEY_UISupportedInterfaceOrientations_iPad = "UIInterfaceOrientationPortrait UIInterfaceOrientationPortraitUpsideDown UIInterfaceOrientationLandscapeLeft UIInterfaceOrientationLandscapeRight";
				INFOPLIST_KEY_UISupportedInterfaceOrientations_iPhone = "UIInterfaceOrientationPortrait UIInterfaceOrientationLandscapeLeft UIInterfaceOrientationLandscapeRight";
				LD_RUNPATH_SEARCH_PATHS = (
					"$(inherited)",
					"@executable_path/Frameworks",
				);
				MARKETING_VERSION = 1.0;
				PRODUCT_BUNDLE_IDENTIFIER = io.freshpaint.FreshpaintPodDemo;
				PRODUCT_NAME = "$(TARGET_NAME)";
				PROVISIONING_PROFILE_SPECIFIER = "";
				SWIFT_EMIT_LOC_STRINGS = YES;
				SWIFT_VERSION = 5.0;
				TARGETED_DEVICE_FAMILY = "1,2";
			};
			name = Debug;
		};
		76CA4C0A2E05BDCA00AC6FAB /* Release */ = {
			isa = XCBuildConfiguration;
			buildSettings = {
				ASSETCATALOG_COMPILER_APPICON_NAME = AppIcon;
				ASSETCATALOG_COMPILER_GLOBAL_ACCENT_COLOR_NAME = AccentColor;
				CODE_SIGN_STYLE = Manual;
				CURRENT_PROJECT_VERSION = 1;
				DEVELOPMENT_TEAM = "";
				ENABLE_PREVIEWS = YES;
				GENERATE_INFOPLIST_FILE = YES;
				INFOPLIST_KEY_UIApplicationSceneManifest_Generation = YES;
				INFOPLIST_KEY_UIApplicationSupportsIndirectInputEvents = YES;
				INFOPLIST_KEY_UILaunchScreen_Generation = YES;
				INFOPLIST_KEY_UISupportedInterfaceOrientations_iPad = "UIInterfaceOrientationPortrait UIInterfaceOrientationPortraitUpsideDown UIInterfaceOrientationLandscapeLeft UIInterfaceOrientationLandscapeRight";
				INFOPLIST_KEY_UISupportedInterfaceOrientations_iPhone = "UIInterfaceOrientationPortrait UIInterfaceOrientationLandscapeLeft UIInterfaceOrientationLandscapeRight";
				LD_RUNPATH_SEARCH_PATHS = (
					"$(inherited)",
					"@executable_path/Frameworks",
				);
				MARKETING_VERSION = 1.0;
				PRODUCT_BUNDLE_IDENTIFIER = io.freshpaint.FreshpaintPodDemo;
				PRODUCT_NAME = "$(TARGET_NAME)";
				PROVISIONING_PROFILE_SPECIFIER = "";
				SWIFT_EMIT_LOC_STRINGS = YES;
				SWIFT_VERSION = 5.0;
				TARGETED_DEVICE_FAMILY = "1,2";
			};
			name = Release;
		};
		76CA4C0C2E05BDCA00AC6FAB /* Debug */ = {
			isa = XCBuildConfiguration;
			buildSettings = {
				BUNDLE_LOADER = "$(TEST_HOST)";
				CODE_SIGN_STYLE = Automatic;
				CURRENT_PROJECT_VERSION = 1;
				DEVELOPMENT_TEAM = N83K83RBR7;
				GENERATE_INFOPLIST_FILE = YES;
				IPHONEOS_DEPLOYMENT_TARGET = 18.5;
				MARKETING_VERSION = 1.0;
				PRODUCT_BUNDLE_IDENTIFIER = com.ferhedio.FreshpaintPodDemoTests;
				PRODUCT_NAME = "$(TARGET_NAME)";
				SWIFT_EMIT_LOC_STRINGS = NO;
				SWIFT_VERSION = 5.0;
				TARGETED_DEVICE_FAMILY = "1,2";
				TEST_HOST = "$(BUILT_PRODUCTS_DIR)/FreshpaintPodDemo.app/$(BUNDLE_EXECUTABLE_FOLDER_PATH)/FreshpaintDemo";
			};
			name = Debug;
		};
		76CA4C0D2E05BDCA00AC6FAB /* Release */ = {
			isa = XCBuildConfiguration;
			buildSettings = {
				BUNDLE_LOADER = "$(TEST_HOST)";
				CODE_SIGN_STYLE = Automatic;
				CURRENT_PROJECT_VERSION = 1;
				DEVELOPMENT_TEAM = N83K83RBR7;
				GENERATE_INFOPLIST_FILE = YES;
				IPHONEOS_DEPLOYMENT_TARGET = 18.5;
				MARKETING_VERSION = 1.0;
				PRODUCT_BUNDLE_IDENTIFIER = com.ferhedio.FreshpaintPodDemoTests;
				PRODUCT_NAME = "$(TARGET_NAME)";
				SWIFT_EMIT_LOC_STRINGS = NO;
				SWIFT_VERSION = 5.0;
				TARGETED_DEVICE_FAMILY = "1,2";
				TEST_HOST = "$(BUILT_PRODUCTS_DIR)/FreshpaintPodDemo.app/$(BUNDLE_EXECUTABLE_FOLDER_PATH)/FreshpaintDemo";
			};
			name = Release;
		};
		76CA4C0F2E05BDCA00AC6FAB /* Debug */ = {
			isa = XCBuildConfiguration;
			buildSettings = {
				CODE_SIGN_STYLE = Automatic;
				CURRENT_PROJECT_VERSION = 1;
				DEVELOPMENT_TEAM = N83K83RBR7;
				GENERATE_INFOPLIST_FILE = YES;
				MARKETING_VERSION = 1.0;
				PRODUCT_BUNDLE_IDENTIFIER = com.ferhedio.FreshpaintPodDemoUITests;
				PRODUCT_NAME = "$(TARGET_NAME)";
				SWIFT_EMIT_LOC_STRINGS = NO;
				SWIFT_VERSION = 5.0;
				TARGETED_DEVICE_FAMILY = "1,2";
				TEST_TARGET_NAME = FreshpaintPodDemo;
			};
			name = Debug;
		};
		76CA4C102E05BDCA00AC6FAB /* Release */ = {
			isa = XCBuildConfiguration;
			buildSettings = {
				CODE_SIGN_STYLE = Automatic;
				CURRENT_PROJECT_VERSION = 1;
				DEVELOPMENT_TEAM = N83K83RBR7;
				GENERATE_INFOPLIST_FILE = YES;
				MARKETING_VERSION = 1.0;
				PRODUCT_BUNDLE_IDENTIFIER = com.ferhedio.FreshpaintPodDemoUITests;
				PRODUCT_NAME = "$(TARGET_NAME)";
				SWIFT_EMIT_LOC_STRINGS = NO;
				SWIFT_VERSION = 5.0;
				TARGETED_DEVICE_FAMILY = "1,2";
				TEST_TARGET_NAME = FreshpaintPodDemo;
			};
			name = Release;
		};
/* End XCBuildConfiguration section */

/* Begin XCConfigurationList section */
		76CA4BE22E05BDC900AC6FAB /* Build configuration list for PBXProject "FreshpaintPodDemo" */ = {
			isa = XCConfigurationList;
			buildConfigurations = (
				76CA4C062E05BDCA00AC6FAB /* Debug */,
				76CA4C072E05BDCA00AC6FAB /* Release */,
			);
			defaultConfigurationIsVisible = 0;
			defaultConfigurationName = Release;
		};
		76CA4C082E05BDCA00AC6FAB /* Build configuration list for PBXNativeTarget "FreshpaintPodDemo" */ = {
			isa = XCConfigurationList;
			buildConfigurations = (
				76CA4C092E05BDCA00AC6FAB /* Debug */,
				76CA4C0A2E05BDCA00AC6FAB /* Release */,
			);
			defaultConfigurationIsVisible = 0;
			defaultConfigurationName = Release;
		};
		76CA4C0B2E05BDCA00AC6FAB /* Build configuration list for PBXNativeTarget "FreshpaintPodDemoTests" */ = {
			isa = XCConfigurationList;
			buildConfigurations = (
				76CA4C0C2E05BDCA00AC6FAB /* Debug */,
				76CA4C0D2E05BDCA00AC6FAB /* Release */,
			);
			defaultConfigurationIsVisible = 0;
			defaultConfigurationName = Release;
		};
		76CA4C0E2E05BDCA00AC6FAB /* Build configuration list for PBXNativeTarget "FreshpaintPodDemoUITests" */ = {
			isa = XCConfigurationList;
			buildConfigurations = (
				76CA4C0F2E05BDCA00AC6FAB /* Debug */,
				76CA4C102E05BDCA00AC6FAB /* Release */,
			);
			defaultConfigurationIsVisible = 0;
			defaultConfigurationName = Release;
		};
/* End XCConfigurationList section */

/* Begin XCLocalSwiftPackageReference section */
		76773DD32E0B842200D70EB7 /* XCLocalSwiftPackageReference "../.." */ = {
			isa = XCLocalSwiftPackageReference;
			relativePath = ../..;
		};
/* End XCLocalSwiftPackageReference section */

/* Begin XCRemoteSwiftPackageReference section */
		765FF7492E05D8F100E0A999 /* XCRemoteSwiftPackageReference "freshpaint-ios" */ = {
			isa = XCRemoteSwiftPackageReference;
			repositoryURL = "https://github.com/freshpaint-io/freshpaint-ios.git";
			requirement = {
				kind = upToNextMajorVersion;
				minimumVersion = 0.2.3;
			};
		};
/* End XCRemoteSwiftPackageReference section */

/* Begin XCSwiftPackageProductDependency section */
		765FF74A2E05D8F100E0A999 /* Freshpaint */ = {
			isa = XCSwiftPackageProductDependency;
			package = 765FF7492E05D8F100E0A999 /* XCRemoteSwiftPackageReference "freshpaint-ios" */;
			productName = Freshpaint;
		};
		76773DD42E0B842200D70EB7 /* Freshpaint */ = {
			isa = XCSwiftPackageProductDependency;
			productName = Freshpaint;
		};
/* End XCSwiftPackageProductDependency section */
	};
	rootObject = A87914BF36AA45218EC32A8AC29A6FD3 /* Project object */;
}
