// !$*UTF8*$!
{
	archiveVersion = 1;
	classes = {
	};
	objectVersion = 46;
	objects = {

/* Begin PBXBuildFile section */
		641FB1A425354458008F75C9 /* Podfile in Resources */ = {isa = PBXBuildFile; fileRef = 641FB1A325354458008F75C9 /* Podfile */; };
		641FB1B425354831008F75C9 /* AppDelegate.m in Sources */ = {isa = PBXBuildFile; fileRef = 641FB1B325354831008F75C9 /* AppDelegate.m */; };
		641FB1B725354831008F75C9 /* SceneDelegate.m in Sources */ = {isa = PBXBuildFile; fileRef = 641FB1B625354831008F75C9 /* SceneDelegate.m */; };
		641FB1BA25354831008F75C9 /* ViewController.m in Sources */ = {isa = PBXBuildFile; fileRef = 641FB1B925354831008F75C9 /* ViewController.m */; };
		641FB1BD25354831008F75C9 /* Main.storyboard in Resources */ = {isa = PBXBuildFile; fileRef = 641FB1BB25354831008F75C9 /* Main.storyboard */; };
		641FB1BF25354832008F75C9 /* Assets.xcassets in Resources */ = {isa = PBXBuildFile; fileRef = 641FB1BE25354832008F75C9 /* Assets.xcassets */; };
		641FB1C225354832008F75C9 /* LaunchScreen.storyboard in Resources */ = {isa = PBXBuildFile; fileRef = 641FB1C025354832008F75C9 /* LaunchScreen.storyboard */; };
		641FB1C525354832008F75C9 /* main.m in Sources */ = {isa = PBXBuildFile; fileRef = 641FB1C425354832008F75C9 /* main.m */; };
		641FB1CF25354833008F75C9 /* AppTests.m in Sources */ = {isa = PBXBuildFile; fileRef = 641FB1CE25354833008F75C9 /* AppTests.m */; };
		641FB1DA25354833008F75C9 /* AppUITests.m in Sources */ = {isa = PBXBuildFile; fileRef = 641FB1D925354833008F75C9 /* AppUITests.m */; };
		6A728B45CE35E316D005889B /* Pods_ManualExample.framework in Frameworks */ = {isa = PBXBuildFile; fileRef = BCD0E80DD5B51A0DB031C28C /* Pods_ManualExample.framework */; };
		EAACFE991D25CEFD00668199 /* main.m in Sources */ = {isa = PBXBuildFile; fileRef = EAACFE981D25CEFD00668199 /* main.m */; };
		EAACFE9C1D25CEFD00668199 /* AppDelegate.m in Sources */ = {isa = PBXBuildFile; fileRef = EAACFE9B1D25CEFD00668199 /* AppDelegate.m */; };
		EAACFE9F1D25CEFD00668199 /* ViewController.m in Sources */ = {isa = PBXBuildFile; fileRef = EAACFE9E1D25CEFD00668199 /* ViewController.m */; };
		EAACFEA21D25CEFD00668199 /* Main.storyboard in Resources */ = {isa = PBXBuildFile; fileRef = EAACFEA01D25CEFD00668199 /* Main.storyboard */; };
		EAACFEA41D25CEFD00668199 /* Assets.xcassets in Resources */ = {isa = PBXBuildFile; fileRef = EAACFEA31D25CEFD00668199 /* Assets.xcassets */; };
		EAACFEA71D25CEFD00668199 /* LaunchScreen.storyboard in Resources */ = {isa = PBXBuildFile; fileRef = EAACFEA51D25CEFD00668199 /* LaunchScreen.storyboard */; };
		EADEB90F1DED404D005322DA /* Analytics.framework in Frameworks */ = {isa = PBXBuildFile; fileRef = EAACFEB51D25CF1000668199 /* Analytics.framework */; };
/* End PBXBuildFile section */

/* Begin PBXContainerItemProxy section */
		641FB1CB25354833008F75C9 /* PBXContainerItemProxy */ = {
			isa = PBXContainerItemProxy;
			containerPortal = EAACFE8C1D25CEFD00668199 /* Project object */;
			proxyType = 1;
			remoteGlobalIDString = 641FB1AF25354831008F75C9;
			remoteInfo = App;
		};
		641FB1D625354833008F75C9 /* PBXContainerItemProxy */ = {
			isa = PBXContainerItemProxy;
			containerPortal = EAACFE8C1D25CEFD00668199 /* Project object */;
			proxyType = 1;
			remoteGlobalIDString = 641FB1AF25354831008F75C9;
			remoteInfo = App;
		};
		EAACFEB41D25CF1000668199 /* PBXContainerItemProxy */ = {
			isa = PBXContainerItemProxy;
			containerPortal = EAACFEAE1D25CF1000668199 /* Analytics.xcodeproj */;
			proxyType = 2;
			remoteGlobalIDString = EAACFE271D25BCED00668199;
			remoteInfo = Analytics;
		};
		EADEB90B1DED4005005322DA /* PBXContainerItemProxy */ = {
			isa = PBXContainerItemProxy;
			containerPortal = EAACFEAE1D25CF1000668199 /* Analytics.xcodeproj */;
			proxyType = 2;
			remoteGlobalIDString = EADEB86A1DECD0EF005322DA;
			remoteInfo = AnalyticsTests;
		};
		EADEB90D1DED4047005322DA /* PBXContainerItemProxy */ = {
			isa = PBXContainerItemProxy;
			containerPortal = EAACFEAE1D25CF1000668199 /* Analytics.xcodeproj */;
			proxyType = 1;
			remoteGlobalIDString = EADEB85A1DECD080005322DA;
			remoteInfo = Analytics;
		};
/* End PBXContainerItemProxy section */

/* Begin PBXFileReference section */
		168D817D727B3634172A77A4 /* Pods-ManualExample.release.xcconfig */ = {isa = PBXFileReference; includeInIndex = 1; lastKnownFileType = text.xcconfig; name = "Pods-ManualExample.release.xcconfig"; path = "Target Support Files/Pods-ManualExample/Pods-ManualExample.release.xcconfig"; sourceTree = "<group>"; };
		641FB1A325354458008F75C9 /* Podfile */ = {isa = PBXFileReference; lastKnownFileType = text; path = Podfile; sourceTree = "<group>"; };
		641FB1B025354831008F75C9 /* App.app */ = {isa = PBXFileReference; explicitFileType = wrapper.application; includeInIndex = 0; path = App.app; sourceTree = BUILT_PRODUCTS_DIR; };
		641FB1B225354831008F75C9 /* AppDelegate.h */ = {isa = PBXFileReference; lastKnownFileType = sourcecode.c.h; path = AppDelegate.h; sourceTree = "<group>"; };
		641FB1B325354831008F75C9 /* AppDelegate.m */ = {isa = PBXFileReference; lastKnownFileType = sourcecode.c.objc; path = AppDelegate.m; sourceTree = "<group>"; };
		641FB1B525354831008F75C9 /* SceneDelegate.h */ = {isa = PBXFileReference; lastKnownFileType = sourcecode.c.h; path = SceneDelegate.h; sourceTree = "<group>"; };
		641FB1B625354831008F75C9 /* SceneDelegate.m */ = {isa = PBXFileReference; lastKnownFileType = sourcecode.c.objc; path = SceneDelegate.m; sourceTree = "<group>"; };
		641FB1B825354831008F75C9 /* ViewController.h */ = {isa = PBXFileReference; lastKnownFileType = sourcecode.c.h; path = ViewController.h; sourceTree = "<group>"; };
		641FB1B925354831008F75C9 /* ViewController.m */ = {isa = PBXFileReference; lastKnownFileType = sourcecode.c.objc; path = ViewController.m; sourceTree = "<group>"; };
		641FB1BC25354831008F75C9 /* Base */ = {isa = PBXFileReference; lastKnownFileType = file.storyboard; name = Base; path = Base.lproj/Main.storyboard; sourceTree = "<group>"; };
		641FB1BE25354832008F75C9 /* Assets.xcassets */ = {isa = PBXFileReference; lastKnownFileType = folder.assetcatalog; path = Assets.xcassets; sourceTree = "<group>"; };
		641FB1C125354832008F75C9 /* Base */ = {isa = PBXFileReference; lastKnownFileType = file.storyboard; name = Base; path = Base.lproj/LaunchScreen.storyboard; sourceTree = "<group>"; };
		641FB1C325354832008F75C9 /* Info.plist */ = {isa = PBXFileReference; lastKnownFileType = text.plist.xml; path = Info.plist; sourceTree = "<group>"; };
		641FB1C425354832008F75C9 /* main.m */ = {isa = PBXFileReference; lastKnownFileType = sourcecode.c.objc; path = main.m; sourceTree = "<group>"; };
		641FB1CA25354833008F75C9 /* AppTests.xctest */ = {isa = PBXFileReference; explicitFileType = wrapper.cfbundle; includeInIndex = 0; path = AppTests.xctest; sourceTree = BUILT_PRODUCTS_DIR; };
		641FB1CE25354833008F75C9 /* AppTests.m */ = {isa = PBXFileReference; lastKnownFileType = sourcecode.c.objc; path = AppTests.m; sourceTree = "<group>"; };
		641FB1D025354833008F75C9 /* Info.plist */ = {isa = PBXFileReference; lastKnownFileType = text.plist.xml; path = Info.plist; sourceTree = "<group>"; };
		641FB1D525354833008F75C9 /* AppUITests.xctest */ = {isa = PBXFileReference; explicitFileType = wrapper.cfbundle; includeInIndex = 0; path = AppUITests.xctest; sourceTree = BUILT_PRODUCTS_DIR; };
		641FB1D925354833008F75C9 /* AppUITests.m */ = {isa = PBXFileReference; lastKnownFileType = sourcecode.c.objc; path = AppUITests.m; sourceTree = "<group>"; };
		641FB1DB25354833008F75C9 /* Info.plist */ = {isa = PBXFileReference; lastKnownFileType = text.plist.xml; path = Info.plist; sourceTree = "<group>"; };
		99E449505A081A2B3BBAC5D5 /* Pods-ManualExample.debug.xcconfig */ = {isa = PBXFileReference; includeInIndex = 1; lastKnownFileType = text.xcconfig; name = "Pods-ManualExample.debug.xcconfig"; path = "Target Support Files/Pods-ManualExample/Pods-ManualExample.debug.xcconfig"; sourceTree = "<group>"; };
		BCD0E80DD5B51A0DB031C28C /* Pods_ManualExample.framework */ = {isa = PBXFileReference; explicitFileType = wrapper.framework; includeInIndex = 0; path = Pods_ManualExample.framework; sourceTree = BUILT_PRODUCTS_DIR; };
		EAACFE941D25CEFD00668199 /* ManualExample.app */ = {isa = PBXFileReference; explicitFileType = wrapper.application; includeInIndex = 0; path = ManualExample.app; sourceTree = BUILT_PRODUCTS_DIR; };
		EAACFE981D25CEFD00668199 /* main.m */ = {isa = PBXFileReference; lastKnownFileType = sourcecode.c.objc; path = main.m; sourceTree = "<group>"; };
		EAACFE9A1D25CEFD00668199 /* AppDelegate.h */ = {isa = PBXFileReference; lastKnownFileType = sourcecode.c.h; path = AppDelegate.h; sourceTree = "<group>"; };
		EAACFE9B1D25CEFD00668199 /* AppDelegate.m */ = {isa = PBXFileReference; lastKnownFileType = sourcecode.c.objc; path = AppDelegate.m; sourceTree = "<group>"; };
		EAACFE9D1D25CEFD00668199 /* ViewController.h */ = {isa = PBXFileReference; lastKnownFileType = sourcecode.c.h; path = ViewController.h; sourceTree = "<group>"; };
		EAACFE9E1D25CEFD00668199 /* ViewController.m */ = {isa = PBXFileReference; lastKnownFileType = sourcecode.c.objc; path = ViewController.m; sourceTree = "<group>"; };
		EAACFEA11D25CEFD00668199 /* Base */ = {isa = PBXFileReference; lastKnownFileType = file.storyboard; name = Base; path = Base.lproj/Main.storyboard; sourceTree = "<group>"; };
		EAACFEA31D25CEFD00668199 /* Assets.xcassets */ = {isa = PBXFileReference; lastKnownFileType = folder.assetcatalog; path = Assets.xcassets; sourceTree = "<group>"; };
		EAACFEA61D25CEFD00668199 /* Base */ = {isa = PBXFileReference; lastKnownFileType = file.storyboard; name = Base; path = Base.lproj/LaunchScreen.storyboard; sourceTree = "<group>"; };
		EAACFEA81D25CEFD00668199 /* Info.plist */ = {isa = PBXFileReference; lastKnownFileType = text.plist.xml; path = Info.plist; sourceTree = "<group>"; };
		EAACFEAE1D25CF1000668199 /* Analytics.xcodeproj */ = {isa = PBXFileReference; lastKnownFileType = "wrapper.pb-project"; name = Analytics.xcodeproj; path = ../../../Analytics.xcodeproj; sourceTree = "<group>"; };
/* End PBXFileReference section */

/* Begin PBXFrameworksBuildPhase section */
		641FB1AD25354831008F75C9 /* Frameworks */ = {
			isa = PBXFrameworksBuildPhase;
			buildActionMask = 2147483647;
			files = (
			);
			runOnlyForDeploymentPostprocessing = 0;
		};
		641FB1C725354833008F75C9 /* Frameworks */ = {
			isa = PBXFrameworksBuildPhase;
			buildActionMask = 2147483647;
			files = (
			);
			runOnlyForDeploymentPostprocessing = 0;
		};
		641FB1D225354833008F75C9 /* Frameworks */ = {
			isa = PBXFrameworksBuildPhase;
			buildActionMask = 2147483647;
			files = (
			);
			runOnlyForDeploymentPostprocessing = 0;
		};
		EAACFE911D25CEFD00668199 /* Frameworks */ = {
			isa = PBXFrameworksBuildPhase;
			buildActionMask = 2147483647;
			files = (
				EADEB90F1DED404D005322DA /* Analytics.framework in Frameworks */,
				6A728B45CE35E316D005889B /* Pods_ManualExample.framework in Frameworks */,
			);
			runOnlyForDeploymentPostprocessing = 0;
		};
/* End PBXFrameworksBuildPhase section */

/* Begin PBXGroup section */
		641FB1B125354831008F75C9 /* App */ = {
			isa = PBXGroup;
			children = (
				641FB1B225354831008F75C9 /* AppDelegate.h */,
				641FB1B325354831008F75C9 /* AppDelegate.m */,
				641FB1B525354831008F75C9 /* SceneDelegate.h */,
				641FB1B625354831008F75C9 /* SceneDelegate.m */,
				641FB1B825354831008F75C9 /* ViewController.h */,
				641FB1B925354831008F75C9 /* ViewController.m */,
				641FB1BB25354831008F75C9 /* Main.storyboard */,
				641FB1BE25354832008F75C9 /* Assets.xcassets */,
				641FB1C025354832008F75C9 /* LaunchScreen.storyboard */,
				641FB1C325354832008F75C9 /* Info.plist */,
				641FB1C425354832008F75C9 /* main.m */,
			);
			path = App;
			sourceTree = "<group>";
		};
		641FB1CD25354833008F75C9 /* AppTests */ = {
			isa = PBXGroup;
			children = (
				641FB1CE25354833008F75C9 /* AppTests.m */,
				641FB1D025354833008F75C9 /* Info.plist */,
			);
			path = AppTests;
			sourceTree = "<group>";
		};
		641FB1D825354833008F75C9 /* AppUITests */ = {
			isa = PBXGroup;
			children = (
				641FB1D925354833008F75C9 /* AppUITests.m */,
				641FB1DB25354833008F75C9 /* Info.plist */,
			);
			path = AppUITests;
			sourceTree = "<group>";
		};
		E1A28E1AA1F70CA5A386C6F6 /* Pods */ = {
			isa = PBXGroup;
			children = (
				99E449505A081A2B3BBAC5D5 /* Pods-ManualExample.debug.xcconfig */,
				168D817D727B3634172A77A4 /* Pods-ManualExample.release.xcconfig */,
			);
			path = Pods;
			sourceTree = "<group>";
		};
		EAACFE8B1D25CEFD00668199 = {
			isa = PBXGroup;
			children = (
				641FB1A325354458008F75C9 /* Podfile */,
				EAACFE961D25CEFD00668199 /* ManualExample */,
				641FB1B125354831008F75C9 /* App */,
				641FB1CD25354833008F75C9 /* AppTests */,
				641FB1D825354833008F75C9 /* AppUITests */,
				EAACFE951D25CEFD00668199 /* Products */,
				E1A28E1AA1F70CA5A386C6F6 /* Pods */,
				F177A95D34F0159A626829B6 /* Frameworks */,
			);
			sourceTree = "<group>";
		};
		EAACFE951D25CEFD00668199 /* Products */ = {
			isa = PBXGroup;
			children = (
				EAACFE941D25CEFD00668199 /* ManualExample.app */,
				641FB1B025354831008F75C9 /* App.app */,
				641FB1CA25354833008F75C9 /* AppTests.xctest */,
				641FB1D525354833008F75C9 /* AppUITests.xctest */,
			);
			name = Products;
			sourceTree = "<group>";
		};
		EAACFE961D25CEFD00668199 /* ManualExample */ = {
			isa = PBXGroup;
			children = (
				EAACFEAE1D25CF1000668199 /* Analytics.xcodeproj */,
				EAACFE9A1D25CEFD00668199 /* AppDelegate.h */,
				EAACFE9B1D25CEFD00668199 /* AppDelegate.m */,
				EAACFE9D1D25CEFD00668199 /* ViewController.h */,
				EAACFE9E1D25CEFD00668199 /* ViewController.m */,
				EAACFEA01D25CEFD00668199 /* Main.storyboard */,
				EAACFEA31D25CEFD00668199 /* Assets.xcassets */,
				EAACFEA51D25CEFD00668199 /* LaunchScreen.storyboard */,
				EAACFEA81D25CEFD00668199 /* Info.plist */,
				EAACFE971D25CEFD00668199 /* Supporting Files */,
			);
			path = ManualExample;
			sourceTree = "<group>";
		};
		EAACFE971D25CEFD00668199 /* Supporting Files */ = {
			isa = PBXGroup;
			children = (
				EAACFE981D25CEFD00668199 /* main.m */,
			);
			name = "Supporting Files";
			sourceTree = "<group>";
		};
		EAACFEAF1D25CF1000668199 /* Products */ = {
			isa = PBXGroup;
			children = (
				EAACFEB51D25CF1000668199 /* Analytics.framework */,
				EADEB90C1DED4005005322DA /* AnalyticsTests.xctest */,
			);
			name = Products;
			sourceTree = "<group>";
		};
		F177A95D34F0159A626829B6 /* Frameworks */ = {
			isa = PBXGroup;
			children = (
				BCD0E80DD5B51A0DB031C28C /* Pods_ManualExample.framework */,
			);
			name = Frameworks;
			sourceTree = "<group>";
		};
/* End PBXGroup section */

/* Begin PBXNativeTarget section */
		641FB1AF25354831008F75C9 /* App */ = {
			isa = PBXNativeTarget;
			buildConfigurationList = 641FB1E225354833008F75C9 /* Build configuration list for PBXNativeTarget "App" */;
			buildPhases = (
				641FB1AC25354831008F75C9 /* Sources */,
				641FB1AD25354831008F75C9 /* Frameworks */,
				641FB1AE25354831008F75C9 /* Resources */,
			);
			buildRules = (
			);
			dependencies = (
			);
			name = App;
			productName = App;
			productReference = 641FB1B025354831008F75C9 /* App.app */;
			productType = "com.apple.product-type.application";
		};
		641FB1C925354833008F75C9 /* AppTests */ = {
			isa = PBXNativeTarget;
			buildConfigurationList = 641FB1E325354833008F75C9 /* Build configuration list for PBXNativeTarget "AppTests" */;
			buildPhases = (
				641FB1C625354833008F75C9 /* Sources */,
				641FB1C725354833008F75C9 /* Frameworks */,
				641FB1C825354833008F75C9 /* Resources */,
			);
			buildRules = (
			);
			dependencies = (
				641FB1CC25354833008F75C9 /* PBXTargetDependency */,
			);
			name = AppTests;
			productName = AppTests;
			productReference = 641FB1CA25354833008F75C9 /* AppTests.xctest */;
			productType = "com.apple.product-type.bundle.unit-test";
		};
		641FB1D425354833008F75C9 /* AppUITests */ = {
			isa = PBXNativeTarget;
			buildConfigurationList = 641FB1E425354833008F75C9 /* Build configuration list for PBXNativeTarget "AppUITests" */;
			buildPhases = (
				641FB1D125354833008F75C9 /* Sources */,
				641FB1D225354833008F75C9 /* Frameworks */,
				641FB1D325354833008F75C9 /* Resources */,
			);
			buildRules = (
			);
			dependencies = (
				641FB1D725354833008F75C9 /* PBXTargetDependency */,
			);
			name = AppUITests;
			productName = AppUITests;
			productReference = 641FB1D525354833008F75C9 /* AppUITests.xctest */;
			productType = "com.apple.product-type.bundle.ui-testing";
		};
		EAACFE931D25CEFD00668199 /* ManualExample */ = {
			isa = PBXNativeTarget;
			buildConfigurationList = EAACFEAB1D25CEFD00668199 /* Build configuration list for PBXNativeTarget "ManualExample" */;
			buildPhases = (
				317D285967F6457967AAD619 /* [CP] Check Pods Manifest.lock */,
				EAACFE901D25CEFD00668199 /* Sources */,
				EAACFE911D25CEFD00668199 /* Frameworks */,
				EAACFE921D25CEFD00668199 /* Resources */,
				2BD72EFA7A879FDC49CF9416 /* [CP] Embed Pods Frameworks */,
			);
			buildRules = (
			);
			dependencies = (
				EADEB90E1DED4047005322DA /* PBXTargetDependency */,
			);
			name = ManualExample;
			productName = ManualExample;
			productReference = EAACFE941D25CEFD00668199 /* ManualExample.app */;
			productType = "com.apple.product-type.application";
		};
/* End PBXNativeTarget section */

/* Begin PBXProject section */
		EAACFE8C1D25CEFD00668199 /* Project object */ = {
			isa = PBXProject;
			attributes = {
				LastUpgradeCheck = 1220;
				ORGANIZATIONNAME = Segment;
				TargetAttributes = {
					641FB1AF25354831008F75C9 = {
						CreatedOnToolsVersion = 12.2;
						ProvisioningStyle = Automatic;
					};
					641FB1C925354833008F75C9 = {
						CreatedOnToolsVersion = 12.2;
						ProvisioningStyle = Automatic;
						TestTargetID = 641FB1AF25354831008F75C9;
					};
					641FB1D425354833008F75C9 = {
						CreatedOnToolsVersion = 12.2;
						ProvisioningStyle = Automatic;
						TestTargetID = 641FB1AF25354831008F75C9;
					};
					EAACFE931D25CEFD00668199 = {
						CreatedOnToolsVersion = 7.3.1;
					};
				};
			};
			buildConfigurationList = EAACFE8F1D25CEFD00668199 /* Build configuration list for PBXProject "ManualExample" */;
			compatibilityVersion = "Xcode 3.2";
			developmentRegion = English;
			hasScannedForEncodings = 0;
			knownRegions = (
				English,
				en,
				Base,
			);
			mainGroup = EAACFE8B1D25CEFD00668199;
			productRefGroup = EAACFE951D25CEFD00668199 /* Products */;
			projectDirPath = "";
			projectReferences = (
				{
					ProductGroup = EAACFEAF1D25CF1000668199 /* Products */;
					ProjectRef = EAACFEAE1D25CF1000668199 /* Analytics.xcodeproj */;
				},
			);
			projectRoot = "";
			targets = (
				EAACFE931D25CEFD00668199 /* ManualExample */,
				641FB1AF25354831008F75C9 /* App */,
				641FB1C925354833008F75C9 /* AppTests */,
				641FB1D425354833008F75C9 /* AppUITests */,
			);
		};
/* End PBXProject section */

/* Begin PBXReferenceProxy section */
		EAACFEB51D25CF1000668199 /* Analytics.framework */ = {
			isa = PBXReferenceProxy;
			fileType = wrapper.framework;
			path = Analytics.framework;
			remoteRef = EAACFEB41D25CF1000668199 /* PBXContainerItemProxy */;
			sourceTree = BUILT_PRODUCTS_DIR;
		};
		EADEB90C1DED4005005322DA /* AnalyticsTests.xctest */ = {
			isa = PBXReferenceProxy;
			fileType = wrapper.cfbundle;
			path = AnalyticsTests.xctest;
			remoteRef = EADEB90B1DED4005005322DA /* PBXContainerItemProxy */;
			sourceTree = BUILT_PRODUCTS_DIR;
		};
/* End PBXReferenceProxy section */

/* Begin PBXResourcesBuildPhase section */
		641FB1AE25354831008F75C9 /* Resources */ = {
			isa = PBXResourcesBuildPhase;
			buildActionMask = 2147483647;
			files = (
				641FB1C225354832008F75C9 /* LaunchScreen.storyboard in Resources */,
				641FB1BF25354832008F75C9 /* Assets.xcassets in Resources */,
				641FB1BD25354831008F75C9 /* Main.storyboard in Resources */,
			);
			runOnlyForDeploymentPostprocessing = 0;
		};
		641FB1C825354833008F75C9 /* Resources */ = {
			isa = PBXResourcesBuildPhase;
			buildActionMask = 2147483647;
			files = (
			);
			runOnlyForDeploymentPostprocessing = 0;
		};
		641FB1D325354833008F75C9 /* Resources */ = {
			isa = PBXResourcesBuildPhase;
			buildActionMask = 2147483647;
			files = (
			);
			runOnlyForDeploymentPostprocessing = 0;
		};
		EAACFE921D25CEFD00668199 /* Resources */ = {
			isa = PBXResourcesBuildPhase;
			buildActionMask = 2147483647;
			files = (
				EAACFEA71D25CEFD00668199 /* LaunchScreen.storyboard in Resources */,
				EAACFEA41D25CEFD00668199 /* Assets.xcassets in Resources */,
				641FB1A425354458008F75C9 /* Podfile in Resources */,
				EAACFEA21D25CEFD00668199 /* Main.storyboard in Resources */,
			);
			runOnlyForDeploymentPostprocessing = 0;
		};
/* End PBXResourcesBuildPhase section */

/* Begin PBXShellScriptBuildPhase section */
		2BD72EFA7A879FDC49CF9416 /* [CP] Embed Pods Frameworks */ = {
			isa = PBXShellScriptBuildPhase;
			buildActionMask = 2147483647;
			files = (
			);
			inputPaths = (
				"${PODS_ROOT}/Target Support Files/Pods-ManualExample/Pods-ManualExample-frameworks.sh",
				"${BUILT_PRODUCTS_DIR}/Analytics/Analytics.framework",
			);
			name = "[CP] Embed Pods Frameworks";
			outputPaths = (
				"${TARGET_BUILD_DIR}/${FRAMEWORKS_FOLDER_PATH}/Analytics.framework",
			);
			runOnlyForDeploymentPostprocessing = 0;
			shellPath = /bin/sh;
			shellScript = "\"${PODS_ROOT}/Target Support Files/Pods-ManualExample/Pods-ManualExample-frameworks.sh\"\n";
			showEnvVarsInLog = 0;
		};
		317D285967F6457967AAD619 /* [CP] Check Pods Manifest.lock */ = {
			isa = PBXShellScriptBuildPhase;
			buildActionMask = 2147483647;
			files = (
			);
			inputFileListPaths = (
			);
			inputPaths = (
				"${PODS_PODFILE_DIR_PATH}/Podfile.lock",
				"${PODS_ROOT}/Manifest.lock",
			);
			name = "[CP] Check Pods Manifest.lock";
			outputFileListPaths = (
			);
			outputPaths = (
				"$(DERIVED_FILE_DIR)/Pods-ManualExample-checkManifestLockResult.txt",
			);
			runOnlyForDeploymentPostprocessing = 0;
			shellPath = /bin/sh;
			shellScript = "diff \"${PODS_PODFILE_DIR_PATH}/Podfile.lock\" \"${PODS_ROOT}/Manifest.lock\" > /dev/null\nif [ $? != 0 ] ; then\n    # print error to STDERR\n    echo \"error: The sandbox is not in sync with the Podfile.lock. Run 'pod install' or update your CocoaPods installation.\" >&2\n    exit 1\nfi\n# This output is used by Xcode 'outputs' to avoid re-running this script phase.\necho \"SUCCESS\" > \"${SCRIPT_OUTPUT_FILE_0}\"\n";
			showEnvVarsInLog = 0;
		};
/* End PBXShellScriptBuildPhase section */

/* Begin PBXSourcesBuildPhase section */
		641FB1AC25354831008F75C9 /* Sources */ = {
			isa = PBXSourcesBuildPhase;
			buildActionMask = 2147483647;
			files = (
				641FB1BA25354831008F75C9 /* ViewController.m in Sources */,
				641FB1B425354831008F75C9 /* AppDelegate.m in Sources */,
				641FB1C525354832008F75C9 /* main.m in Sources */,
				641FB1B725354831008F75C9 /* SceneDelegate.m in Sources */,
			);
			runOnlyForDeploymentPostprocessing = 0;
		};
		641FB1C625354833008F75C9 /* Sources */ = {
			isa = PBXSourcesBuildPhase;
			buildActionMask = 2147483647;
			files = (
				641FB1CF25354833008F75C9 /* AppTests.m in Sources */,
			);
			runOnlyForDeploymentPostprocessing = 0;
		};
		641FB1D125354833008F75C9 /* Sources */ = {
			isa = PBXSourcesBuildPhase;
			buildActionMask = 2147483647;
			files = (
				641FB1DA25354833008F75C9 /* AppUITests.m in Sources */,
			);
			runOnlyForDeploymentPostprocessing = 0;
		};
		EAACFE901D25CEFD00668199 /* Sources */ = {
			isa = PBXSourcesBuildPhase;
			buildActionMask = 2147483647;
			files = (
				EAACFE9F1D25CEFD00668199 /* ViewController.m in Sources */,
				EAACFE9C1D25CEFD00668199 /* AppDelegate.m in Sources */,
				EAACFE991D25CEFD00668199 /* main.m in Sources */,
			);
			runOnlyForDeploymentPostprocessing = 0;
		};
/* End PBXSourcesBuildPhase section */

/* Begin PBXTargetDependency section */
		641FB1CC25354833008F75C9 /* PBXTargetDependency */ = {
			isa = PBXTargetDependency;
			target = 641FB1AF25354831008F75C9 /* App */;
			targetProxy = 641FB1CB25354833008F75C9 /* PBXContainerItemProxy */;
		};
		641FB1D725354833008F75C9 /* PBXTargetDependency */ = {
			isa = PBXTargetDependency;
			target = 641FB1AF25354831008F75C9 /* App */;
			targetProxy = 641FB1D625354833008F75C9 /* PBXContainerItemProxy */;
		};
		EADEB90E1DED4047005322DA /* PBXTargetDependency */ = {
			isa = PBXTargetDependency;
			name = Analytics;
			targetProxy = EADEB90D1DED4047005322DA /* PBXContainerItemProxy */;
		};
/* End PBXTargetDependency section */

/* Begin PBXVariantGroup section */
		641FB1BB25354831008F75C9 /* Main.storyboard */ = {
			isa = PBXVariantGroup;
			children = (
				641FB1BC25354831008F75C9 /* Base */,
			);
			name = Main.storyboard;
			sourceTree = "<group>";
		};
		641FB1C025354832008F75C9 /* LaunchScreen.storyboard */ = {
			isa = PBXVariantGroup;
			children = (
				641FB1C125354832008F75C9 /* Base */,
			);
			name = LaunchScreen.storyboard;
			sourceTree = "<group>";
		};
		EAACFEA01D25CEFD00668199 /* Main.storyboard */ = {
			isa = PBXVariantGroup;
			children = (
				EAACFEA11D25CEFD00668199 /* Base */,
			);
			name = Main.storyboard;
			sourceTree = "<group>";
		};
		EAACFEA51D25CEFD00668199 /* LaunchScreen.storyboard */ = {
			isa = PBXVariantGroup;
			children = (
				EAACFEA61D25CEFD00668199 /* Base */,
			);
			name = LaunchScreen.storyboard;
			sourceTree = "<group>";
		};
/* End PBXVariantGroup section */

/* Begin XCBuildConfiguration section */
		641FB1DC25354833008F75C9 /* Debug */ = {
			isa = XCBuildConfiguration;
			buildSettings = {
				ASSETCATALOG_COMPILER_APPICON_NAME = AppIcon;
				ASSETCATALOG_COMPILER_GLOBAL_ACCENT_COLOR_NAME = AccentColor;
				CLANG_ANALYZER_NUMBER_OBJECT_CONVERSION = YES_AGGRESSIVE;
				CLANG_CXX_LANGUAGE_STANDARD = "gnu++14";
				CLANG_ENABLE_OBJC_WEAK = YES;
				CLANG_WARN_BLOCK_CAPTURE_AUTORELEASING = YES;
				CLANG_WARN_COMMA = YES;
				CLANG_WARN_DEPRECATED_OBJC_IMPLEMENTATIONS = YES;
				CLANG_WARN_DOCUMENTATION_COMMENTS = YES;
				CLANG_WARN_NON_LITERAL_NULL_CONVERSION = YES;
				CLANG_WARN_OBJC_IMPLICIT_RETAIN_SELF = YES;
				CLANG_WARN_OBJC_LITERAL_CONVERSION = YES;
				CLANG_WARN_QUOTED_INCLUDE_IN_FRAMEWORK_HEADER = YES;
				CLANG_WARN_RANGE_LOOP_ANALYSIS = YES;
				CLANG_WARN_STRICT_PROTOTYPES = YES;
				CLANG_WARN_UNGUARDED_AVAILABILITY = YES_AGGRESSIVE;
				CODE_SIGN_STYLE = Automatic;
				GCC_C_LANGUAGE_STANDARD = gnu11;
				INFOPLIST_FILE = App/Info.plist;
				IPHONEOS_DEPLOYMENT_TARGET = 14.2;
				LD_RUNPATH_SEARCH_PATHS = "$(inherited) @executable_path/Frameworks";
				MTL_ENABLE_DEBUG_INFO = INCLUDE_SOURCE;
				MTL_FAST_MATH = YES;
				"OTHER_LDFLAGS[arch=*]" = "$(inherited)";
				PRODUCT_BUNDLE_IDENTIFIER = com.example.App;
				PRODUCT_NAME = "$(TARGET_NAME)";
				TARGETED_DEVICE_FAMILY = "1,2";
				VALIDATE_PRODUCT = YES;
			};
			name = Debug;
		};
		641FB1DD25354833008F75C9 /* Release */ = {
			isa = XCBuildConfiguration;
			buildSettings = {
				ASSETCATALOG_COMPILER_APPICON_NAME = AppIcon;
				ASSETCATALOG_COMPILER_GLOBAL_ACCENT_COLOR_NAME = AccentColor;
				CLANG_ANALYZER_NUMBER_OBJECT_CONVERSION = YES_AGGRESSIVE;
				CLANG_CXX_LANGUAGE_STANDARD = "gnu++14";
				CLANG_ENABLE_OBJC_WEAK = YES;
				CLANG_WARN_BLOCK_CAPTURE_AUTORELEASING = YES;
				CLANG_WARN_COMMA = YES;
				CLANG_WARN_DEPRECATED_OBJC_IMPLEMENTATIONS = YES;
				CLANG_WARN_DOCUMENTATION_COMMENTS = YES;
				CLANG_WARN_NON_LITERAL_NULL_CONVERSION = YES;
				CLANG_WARN_OBJC_IMPLICIT_RETAIN_SELF = YES;
				CLANG_WARN_OBJC_LITERAL_CONVERSION = YES;
				CLANG_WARN_QUOTED_INCLUDE_IN_FRAMEWORK_HEADER = YES;
				CLANG_WARN_RANGE_LOOP_ANALYSIS = YES;
				CLANG_WARN_STRICT_PROTOTYPES = YES;
				CLANG_WARN_UNGUARDED_AVAILABILITY = YES_AGGRESSIVE;
				CODE_SIGN_STYLE = Automatic;
				GCC_C_LANGUAGE_STANDARD = gnu11;
				INFOPLIST_FILE = App/Info.plist;
				IPHONEOS_DEPLOYMENT_TARGET = 14.2;
				LD_RUNPATH_SEARCH_PATHS = "$(inherited) @executable_path/Frameworks";
				MTL_FAST_MATH = YES;
				PRODUCT_BUNDLE_IDENTIFIER = com.example.App;
				PRODUCT_NAME = "$(TARGET_NAME)";
				TARGETED_DEVICE_FAMILY = "1,2";
			};
			name = Release;
		};
		641FB1DE25354833008F75C9 /* Debug */ = {
			isa = XCBuildConfiguration;
			buildSettings = {
				BUNDLE_LOADER = "$(TEST_HOST)";
				CLANG_ANALYZER_NUMBER_OBJECT_CONVERSION = YES_AGGRESSIVE;
				CLANG_CXX_LANGUAGE_STANDARD = "gnu++14";
				CLANG_ENABLE_OBJC_WEAK = YES;
				CLANG_WARN_BLOCK_CAPTURE_AUTORELEASING = YES;
				CLANG_WARN_COMMA = YES;
				CLANG_WARN_DEPRECATED_OBJC_IMPLEMENTATIONS = YES;
				CLANG_WARN_DOCUMENTATION_COMMENTS = YES;
				CLANG_WARN_NON_LITERAL_NULL_CONVERSION = YES;
				CLANG_WARN_OBJC_IMPLICIT_RETAIN_SELF = YES;
				CLANG_WARN_OBJC_LITERAL_CONVERSION = YES;
				CLANG_WARN_QUOTED_INCLUDE_IN_FRAMEWORK_HEADER = YES;
				CLANG_WARN_RANGE_LOOP_ANALYSIS = YES;
				CLANG_WARN_STRICT_PROTOTYPES = YES;
				CLANG_WARN_UNGUARDED_AVAILABILITY = YES_AGGRESSIVE;
				CODE_SIGN_STYLE = Automatic;
				GCC_C_LANGUAGE_STANDARD = gnu11;
				INFOPLIST_FILE = AppTests/Info.plist;
				IPHONEOS_DEPLOYMENT_TARGET = 14.2;
				LD_RUNPATH_SEARCH_PATHS = "$(inherited) @executable_path/Frameworks @loader_path/Frameworks";
				MTL_ENABLE_DEBUG_INFO = INCLUDE_SOURCE;
				MTL_FAST_MATH = YES;
				PRODUCT_BUNDLE_IDENTIFIER = com.example.AppTests;
				PRODUCT_NAME = "$(TARGET_NAME)";
				TARGETED_DEVICE_FAMILY = "1,2";
				TEST_HOST = "$(BUILT_PRODUCTS_DIR)/App.app/App";
			};
			name = Debug;
		};
		641FB1DF25354833008F75C9 /* Release */ = {
			isa = XCBuildConfiguration;
			buildSettings = {
				BUNDLE_LOADER = "$(TEST_HOST)";
				CLANG_ANALYZER_NUMBER_OBJECT_CONVERSION = YES_AGGRESSIVE;
				CLANG_CXX_LANGUAGE_STANDARD = "gnu++14";
				CLANG_ENABLE_OBJC_WEAK = YES;
				CLANG_WARN_BLOCK_CAPTURE_AUTORELEASING = YES;
				CLANG_WARN_COMMA = YES;
				CLANG_WARN_DEPRECATED_OBJC_IMPLEMENTATIONS = YES;
				CLANG_WARN_DOCUMENTATION_COMMENTS = YES;
				CLANG_WARN_NON_LITERAL_NULL_CONVERSION = YES;
				CLANG_WARN_OBJC_IMPLICIT_RETAIN_SELF = YES;
				CLANG_WARN_OBJC_LITERAL_CONVERSION = YES;
				CLANG_WARN_QUOTED_INCLUDE_IN_FRAMEWORK_HEADER = YES;
				CLANG_WARN_RANGE_LOOP_ANALYSIS = YES;
				CLANG_WARN_STRICT_PROTOTYPES = YES;
				CLANG_WARN_UNGUARDED_AVAILABILITY = YES_AGGRESSIVE;
				CODE_SIGN_STYLE = Automatic;
				GCC_C_LANGUAGE_STANDARD = gnu11;
				INFOPLIST_FILE = AppTests/Info.plist;
				IPHONEOS_DEPLOYMENT_TARGET = 14.2;
				LD_RUNPATH_SEARCH_PATHS = "$(inherited) @executable_path/Frameworks @loader_path/Frameworks";
				MTL_FAST_MATH = YES;
				PRODUCT_BUNDLE_IDENTIFIER = com.example.AppTests;
				PRODUCT_NAME = "$(TARGET_NAME)";
				TARGETED_DEVICE_FAMILY = "1,2";
				TEST_HOST = "$(BUILT_PRODUCTS_DIR)/App.app/App";
			};
			name = Release;
		};
		641FB1E025354833008F75C9 /* Debug */ = {
			isa = XCBuildConfiguration;
			buildSettings = {
				CLANG_ANALYZER_NUMBER_OBJECT_CONVERSION = YES_AGGRESSIVE;
				CLANG_CXX_LANGUAGE_STANDARD = "gnu++14";
				CLANG_ENABLE_OBJC_WEAK = YES;
				CLANG_WARN_BLOCK_CAPTURE_AUTORELEASING = YES;
				CLANG_WARN_COMMA = YES;
				CLANG_WARN_DEPRECATED_OBJC_IMPLEMENTATIONS = YES;
				CLANG_WARN_DOCUMENTATION_COMMENTS = YES;
				CLANG_WARN_NON_LITERAL_NULL_CONVERSION = YES;
				CLANG_WARN_OBJC_IMPLICIT_RETAIN_SELF = YES;
				CLANG_WARN_OBJC_LITERAL_CONVERSION = YES;
				CLANG_WARN_QUOTED_INCLUDE_IN_FRAMEWORK_HEADER = YES;
				CLANG_WARN_RANGE_LOOP_ANALYSIS = YES;
				CLANG_WARN_STRICT_PROTOTYPES = YES;
				CLANG_WARN_UNGUARDED_AVAILABILITY = YES_AGGRESSIVE;
				CODE_SIGN_STYLE = Automatic;
				GCC_C_LANGUAGE_STANDARD = gnu11;
				INFOPLIST_FILE = AppUITests/Info.plist;
				IPHONEOS_DEPLOYMENT_TARGET = 14.2;
				LD_RUNPATH_SEARCH_PATHS = "$(inherited) @executable_path/Frameworks @loader_path/Frameworks";
				MTL_ENABLE_DEBUG_INFO = INCLUDE_SOURCE;
				MTL_FAST_MATH = YES;
				PRODUCT_BUNDLE_IDENTIFIER = com.example.AppUITests;
				PRODUCT_NAME = "$(TARGET_NAME)";
				TARGETED_DEVICE_FAMILY = "1,2";
				TEST_TARGET_NAME = App;
			};
			name = Debug;
		};
		641FB1E125354833008F75C9 /* Release */ = {
			isa = XCBuildConfiguration;
			buildSettings = {
				CLANG_ANALYZER_NUMBER_OBJECT_CONVERSION = YES_AGGRESSIVE;
				CLANG_CXX_LANGUAGE_STANDARD = "gnu++14";
				CLANG_ENABLE_OBJC_WEAK = YES;
				CLANG_WARN_BLOCK_CAPTURE_AUTORELEASING = YES;
				CLANG_WARN_COMMA = YES;
				CLANG_WARN_DEPRECATED_OBJC_IMPLEMENTATIONS = YES;
				CLANG_WARN_DOCUMENTATION_COMMENTS = YES;
				CLANG_WARN_NON_LITERAL_NULL_CONVERSION = YES;
				CLANG_WARN_OBJC_IMPLICIT_RETAIN_SELF = YES;
				CLANG_WARN_OBJC_LITERAL_CONVERSION = YES;
				CLANG_WARN_QUOTED_INCLUDE_IN_FRAMEWORK_HEADER = YES;
				CLANG_WARN_RANGE_LOOP_ANALYSIS = YES;
				CLANG_WARN_STRICT_PROTOTYPES = YES;
				CLANG_WARN_UNGUARDED_AVAILABILITY = YES_AGGRESSIVE;
				CODE_SIGN_STYLE = Automatic;
				GCC_C_LANGUAGE_STANDARD = gnu11;
				INFOPLIST_FILE = AppUITests/Info.plist;
				IPHONEOS_DEPLOYMENT_TARGET = 14.2;
				LD_RUNPATH_SEARCH_PATHS = "$(inherited) @executable_path/Frameworks @loader_path/Frameworks";
				MTL_FAST_MATH = YES;
				PRODUCT_BUNDLE_IDENTIFIER = com.example.AppUITests;
				PRODUCT_NAME = "$(TARGET_NAME)";
				TARGETED_DEVICE_FAMILY = "1,2";
				TEST_TARGET_NAME = App;
			};
			name = Release;
		};
		EAACFEA91D25CEFD00668199 /* Debug */ = {
			isa = XCBuildConfiguration;
			buildSettings = {
				ALWAYS_SEARCH_USER_PATHS = NO;
				CLANG_ANALYZER_LOCALIZABILITY_NONLOCALIZED = YES;
				CLANG_ANALYZER_NONNULL = YES;
				CLANG_CXX_LANGUAGE_STANDARD = "gnu++0x";
				CLANG_CXX_LIBRARY = "libc++";
				CLANG_ENABLE_MODULES = YES;
				CLANG_ENABLE_OBJC_ARC = YES;
				CLANG_WARN_BLOCK_CAPTURE_AUTORELEASING = YES;
				CLANG_WARN_BOOL_CONVERSION = YES;
				CLANG_WARN_COMMA = YES;
				CLANG_WARN_CONSTANT_CONVERSION = YES;
				CLANG_WARN_DEPRECATED_OBJC_IMPLEMENTATIONS = YES;
				CLANG_WARN_DIRECT_OBJC_ISA_USAGE = YES_ERROR;
				CLANG_WARN_EMPTY_BODY = YES;
				CLANG_WARN_ENUM_CONVERSION = YES;
				CLANG_WARN_INFINITE_RECURSION = YES;
				CLANG_WARN_INT_CONVERSION = YES;
				CLANG_WARN_NON_LITERAL_NULL_CONVERSION = YES;
				CLANG_WARN_OBJC_IMPLICIT_RETAIN_SELF = YES;
				CLANG_WARN_OBJC_LITERAL_CONVERSION = YES;
				CLANG_WARN_OBJC_ROOT_CLASS = YES_ERROR;
				CLANG_WARN_QUOTED_INCLUDE_IN_FRAMEWORK_HEADER = YES;
				CLANG_WARN_RANGE_LOOP_ANALYSIS = YES;
				CLANG_WARN_STRICT_PROTOTYPES = YES;
				CLANG_WARN_SUSPICIOUS_MOVE = YES;
				CLANG_WARN_UNREACHABLE_CODE = YES;
				CLANG_WARN__DUPLICATE_METHOD_MATCH = YES;
				"CODE_SIGN_IDENTITY[sdk=iphoneos*]" = "iPhone Developer";
				COPY_PHASE_STRIP = NO;
				DEBUG_INFORMATION_FORMAT = dwarf;
				ENABLE_STRICT_OBJC_MSGSEND = YES;
				ENABLE_TESTABILITY = YES;
				GCC_C_LANGUAGE_STANDARD = gnu99;
				GCC_DYNAMIC_NO_PIC = NO;
				GCC_NO_COMMON_BLOCKS = YES;
				GCC_OPTIMIZATION_LEVEL = 0;
				GCC_PREPROCESSOR_DEFINITIONS = (
					"DEBUG=1",
					"$(inherited)",
				);
				GCC_WARN_64_TO_32_BIT_CONVERSION = YES;
				GCC_WARN_ABOUT_RETURN_TYPE = YES_ERROR;
				GCC_WARN_UNDECLARED_SELECTOR = YES;
				GCC_WARN_UNINITIALIZED_AUTOS = YES_AGGRESSIVE;
				GCC_WARN_UNUSED_FUNCTION = YES;
				GCC_WARN_UNUSED_VARIABLE = YES;
				IPHONEOS_DEPLOYMENT_TARGET = 12.0;
				MTL_ENABLE_DEBUG_INFO = YES;
				ONLY_ACTIVE_ARCH = YES;
				SDKROOT = iphoneos;
			};
			name = Debug;
		};
		EAACFEAA1D25CEFD00668199 /* Release */ = {
			isa = XCBuildConfiguration;
			buildSettings = {
				ALWAYS_SEARCH_USER_PATHS = NO;
				CLANG_ANALYZER_LOCALIZABILITY_NONLOCALIZED = YES;
				CLANG_ANALYZER_NONNULL = YES;
				CLANG_CXX_LANGUAGE_STANDARD = "gnu++0x";
				CLANG_CXX_LIBRARY = "libc++";
				CLANG_ENABLE_MODULES = YES;
				CLANG_ENABLE_OBJC_ARC = YES;
				CLANG_WARN_BLOCK_CAPTURE_AUTORELEASING = YES;
				CLANG_WARN_BOOL_CONVERSION = YES;
				CLANG_WARN_COMMA = YES;
				CLANG_WARN_CONSTANT_CONVERSION = YES;
				CLANG_WARN_DEPRECATED_OBJC_IMPLEMENTATIONS = YES;
				CLANG_WARN_DIRECT_OBJC_ISA_USAGE = YES_ERROR;
				CLANG_WARN_EMPTY_BODY = YES;
				CLANG_WARN_ENUM_CONVERSION = YES;
				CLANG_WARN_INFINITE_RECURSION = YES;
				CLANG_WARN_INT_CONVERSION = YES;
				CLANG_WARN_NON_LITERAL_NULL_CONVERSION = YES;
				CLANG_WARN_OBJC_IMPLICIT_RETAIN_SELF = YES;
				CLANG_WARN_OBJC_LITERAL_CONVERSION = YES;
				CLANG_WARN_OBJC_ROOT_CLASS = YES_ERROR;
				CLANG_WARN_QUOTED_INCLUDE_IN_FRAMEWORK_HEADER = YES;
				CLANG_WARN_RANGE_LOOP_ANALYSIS = YES;
				CLANG_WARN_STRICT_PROTOTYPES = YES;
				CLANG_WARN_SUSPICIOUS_MOVE = YES;
				CLANG_WARN_UNREACHABLE_CODE = YES;
				CLANG_WARN__DUPLICATE_METHOD_MATCH = YES;
				"CODE_SIGN_IDENTITY[sdk=iphoneos*]" = "iPhone Developer";
				COPY_PHASE_STRIP = NO;
				DEBUG_INFORMATION_FORMAT = "dwarf-with-dsym";
				ENABLE_NS_ASSERTIONS = NO;
				ENABLE_STRICT_OBJC_MSGSEND = YES;
				GCC_C_LANGUAGE_STANDARD = gnu99;
				GCC_NO_COMMON_BLOCKS = YES;
				GCC_WARN_64_TO_32_BIT_CONVERSION = YES;
				GCC_WARN_ABOUT_RETURN_TYPE = YES_ERROR;
				GCC_WARN_UNDECLARED_SELECTOR = YES;
				GCC_WARN_UNINITIALIZED_AUTOS = YES_AGGRESSIVE;
				GCC_WARN_UNUSED_FUNCTION = YES;
				GCC_WARN_UNUSED_VARIABLE = YES;
				IPHONEOS_DEPLOYMENT_TARGET = 12.0;
				MTL_ENABLE_DEBUG_INFO = NO;
				SDKROOT = iphoneos;
				VALIDATE_PRODUCT = YES;
			};
			name = Release;
		};
		EAACFEAC1D25CEFD00668199 /* Debug */ = {
			isa = XCBuildConfiguration;
			baseConfigurationReference = 99E449505A081A2B3BBAC5D5 /* Pods-ManualExample.debug.xcconfig */;
			buildSettings = {
				ASSETCATALOG_COMPILER_APPICON_NAME = AppIcon;
				HEADER_SEARCH_PATHS = "";
				INFOPLIST_FILE = ManualExample/Info.plist;
				IPHONEOS_DEPLOYMENT_TARGET = 12.0;
				LD_RUNPATH_SEARCH_PATHS = "$(inherited) @executable_path/Frameworks";
				OTHER_LDFLAGS = "-ObjC";
				PRODUCT_BUNDLE_IDENTIFIER = com.segment.ManualExample;
				PRODUCT_NAME = "$(TARGET_NAME)";
			};
			name = Debug;
		};
		EAACFEAD1D25CEFD00668199 /* Release */ = {
			isa = XCBuildConfiguration;
			baseConfigurationReference = 168D817D727B3634172A77A4 /* Pods-ManualExample.release.xcconfig */;
			buildSettings = {
				ASSETCATALOG_COMPILER_APPICON_NAME = AppIcon;
				HEADER_SEARCH_PATHS = "";
				INFOPLIST_FILE = ManualExample/Info.plist;
				IPHONEOS_DEPLOYMENT_TARGET = 12.0;
				LD_RUNPATH_SEARCH_PATHS = "$(inherited) @executable_path/Frameworks";
				OTHER_LDFLAGS = "-ObjC";
				PRODUCT_BUNDLE_IDENTIFIER = com.segment.ManualExample;
				PRODUCT_NAME = "$(TARGET_NAME)";
			};
			name = Release;
		};
/* End XCBuildConfiguration section */

/* Begin XCConfigurationList section */
		641FB1E225354833008F75C9 /* Build configuration list for PBXNativeTarget "App" */ = {
			isa = XCConfigurationList;
			buildConfigurations = (
				641FB1DC25354833008F75C9 /* Debug */,
				641FB1DD25354833008F75C9 /* Release */,
			);
			defaultConfigurationIsVisible = 0;
			defaultConfigurationName = Release;
		};
		641FB1E325354833008F75C9 /* Build configuration list for PBXNativeTarget "AppTests" */ = {
			isa = XCConfigurationList;
			buildConfigurations = (
				641FB1DE25354833008F75C9 /* Debug */,
				641FB1DF25354833008F75C9 /* Release */,
			);
			defaultConfigurationIsVisible = 0;
			defaultConfigurationName = Release;
		};
		641FB1E425354833008F75C9 /* Build configuration list for PBXNativeTarget "AppUITests" */ = {
			isa = XCConfigurationList;
			buildConfigurations = (
				641FB1E025354833008F75C9 /* Debug */,
				641FB1E125354833008F75C9 /* Release */,
			);
			defaultConfigurationIsVisible = 0;
			defaultConfigurationName = Release;
		};
		EAACFE8F1D25CEFD00668199 /* Build configuration list for PBXProject "ManualExample" */ = {
			isa = XCConfigurationList;
			buildConfigurations = (
				EAACFEA91D25CEFD00668199 /* Debug */,
				EAACFEAA1D25CEFD00668199 /* Release */,
			);
			defaultConfigurationIsVisible = 0;
			defaultConfigurationName = Release;
		};
		EAACFEAB1D25CEFD00668199 /* Build configuration list for PBXNativeTarget "ManualExample" */ = {
			isa = XCConfigurationList;
			buildConfigurations = (
				EAACFEAC1D25CEFD00668199 /* Debug */,
				EAACFEAD1D25CEFD00668199 /* Release */,
			);
			defaultConfigurationIsVisible = 0;
			defaultConfigurationName = Release;
		};
/* End XCConfigurationList section */
	};
	rootObject = EAACFE8C1D25CEFD00668199 /* Project object */;
}
